{
  "name": "backend",
  "lockfileVersion": 3,
  "requires": true,
  "packages": {
    "": {
      "dependencies": {
        "strapi-provider-email-nodemailer": "^2.0.0"
      }
    },
    "node_modules/dotenv": {
      "version": "8.1.0",
      "resolved": "https://registry.npmjs.org/dotenv/-/dotenv-8.1.0.tgz",
      "integrity": "sha512-GUE3gqcDCaMltj2++g6bRQ5rBJWtkWTmqmD0fo1RnnMuUqHNCt2oTPeDnS9n6fKYvlhn7AeBkb38lymBtWBQdA==",
      "license": "BSD-2-Clause",
      "engines": {
        "node": ">=8"
      }
    },
    "node_modules/httpntlm": {
      "version": "1.7.6",
      "resolved": "https://registry.npmjs.org/httpntlm/-/httpntlm-1.7.6.tgz",
      "integrity": "sha512-sDucupL4XpRyLKMyRnyLU2jiQsPpAxHNnLvKVCMxmGmAltUef6J8KIF/Iw+xjn0cEkp0b0xU412LP1vtIcuNww==",
      "dependencies": {
        "httpreq": ">=0.4.22",
        "underscore": "~1.7.0"
      },
      "engines": {
        "node": ">=0.8.0"
      }
    },
    "node_modules/httpreq": {
      "version": "1.1.1",
      "resolved": "https://registry.npmjs.org/httpreq/-/httpreq-1.1.1.tgz",
      "integrity": "sha512-uhSZLPPD2VXXOSN8Cni3kIsoFHaU2pT/nySEU/fHr/ePbqHYr0jeiQRmUKLEirC09SFPsdMoA7LU7UXMd/w0Kw==",
      "license": "MIT",
      "engines": {
        "node": ">= 6.15.1"
      }
    },
    "node_modules/lodash": {
      "version": "4.17.15",
      "resolved": "https://registry.npmjs.org/lodash/-/lodash-4.17.15.tgz",
      "integrity": "sha512-8xOcRHvCjnocdS5cpwXQXVzmmh5e5+saE2QGoeQmbKmRS6J3VQppPOIt0MnmE+4xlZoumy0GPG0D0MVIQbNA1A==",
      "license": "MIT"
    },
    "node_modules/nodemailer": {
      "version": "6.3.0",
      "resolved": "https://registry.npmjs.org/nodemailer/-/nodemailer-6.3.0.tgz",
      "integrity": "sha512-TEHBNBPHv7Ie/0o3HXnb7xrPSSQmH1dXwQKRaMKDBGt/ZN54lvDVujP6hKkO/vjkIYL9rK8kHSG11+G42Nhxuw==",
      "license": "MIT",
      "engines": {
        "node": ">=6.0.0"
      }
    },
    "node_modules/nodemailer-ntlm-auth": {
      "version": "1.0.1",
      "resolved": "https://registry.npmjs.org/nodemailer-ntlm-auth/-/nodemailer-ntlm-auth-1.0.1.tgz",
      "integrity": "sha512-nQK3NHGpyVU0CcGfpq2rzM3Xg/ZLYOwBGfIAz+oxW3Jhaj3opPC6eLXuei0doK5++Hm0zjl/PH+y7ZCc8sDFtg==",
      "license": "ISC",
      "dependencies": {
        "httpntlm": "1.7.6"
      }
    },
    "node_modules/strapi-provider-email-nodemailer": {
      "version": "2.0.0",
      "resolved": "https://registry.npmjs.org/strapi-provider-email-nodemailer/-/strapi-provider-email-nodemailer-2.0.0.tgz",
      "integrity": "sha512-jyobMQrAgzZiUQcEGVHtHmjjvQOyP5bNvBct9l9jgotSgqOty69+Una22E0yiK6p/dXdInrf4qg6PyBntuXY2A==",
      "license": "MIT",
      "dependencies": {
        "dotenv": "8.1.0",
        "lodash": "4.17.15",
        "nodemailer": "6.3.0",
        "nodemailer-ntlm-auth": "1.0.1"
      }
    },
    "node_modules/underscore": {
      "version": "1.7.0",
      "resolved": "https://registry.npmjs.org/underscore/-/underscore-1.7.0.tgz",
      "integrity": "sha512-cp0oQQyZhUM1kpJDLdGO1jPZHgS/MpzoWYfe9+CM2h/QGDZlqwT2T3YGukuBdaNJ/CAPoeyAZRRHz8JFo176vA=="
    }
  }
}
